# This file is generated by running "yarn install" inside your project.
# Manual changes might be lost - proceed with caution!

__metadata:
  version: 4
  cacheKey: 7

"@msgpack/msgpack@npm:^2.3.0":
  version: 2.3.0
  resolution: "@msgpack/msgpack@npm:2.3.0"
  checksum: 5757cc1503f65c3ed6117e5e198888c41482a85581f9e27b83a9d072b45538dfc657172d4904833e5ed4aa690ca0b1bb85495d74796c0d01227e9a628b4f7be4
  languageName: node
  linkType: hard

"@spectacles/brokers@npm:^0.8.0":
  version: 0.8.3
  resolution: "@spectacles/brokers@npm:0.8.3"
  dependencies:
    "@spectacles/util": ^0.4.0
    amqplib: ^0.5.5
    ioredis: ^4.14.1
    lodash: ^4.17.15
    ulid: ^2.3.0
  checksum: ee2dd2495bc6bee2972d7cb2abdd7070bb42c422267ce5ef9c34fc62053cbeef5813e6b4814df47239e9ba6752e44f9c6585061b5c3d1b3a099478b48972a25e
  languageName: node
  linkType: hard

"@spectacles/brokers@npm:latest":
  version: 0.8.4
  resolution: "@spectacles/brokers@npm:0.8.4"
  dependencies:
    "@spectacles/util": ^0.4.0
    amqplib: ^0.5.5
    ioredis: ^4.14.1
    lodash: ^4.17.15
    ulid: ^2.3.0
  checksum: e4fb640585bb2d22493341fe8faa01fd4619a4c63c75b4493f0d8b6eaf6c06613cdf7393a4f16f841f8d9d0f2cdd6f53eeb21be49220f1a2468a63f8d0ac20f7
  languageName: node
  linkType: hard

"@spectacles/proxy@npm:^0.1.1":
  version: 0.1.1
  resolution: "@spectacles/proxy@npm:0.1.1"
  dependencies:
    "@msgpack/msgpack": ^2.3.0
    "@spectacles/brokers": ^0.8.0
  checksum: 0ca1e7dd00fc4c49a4aa9180416f132030a695b8d58abcff914d87b1d584072e62bc132021d46b6aa483ebe1e89c07fe705f06502bde8cd64438933f61b4f50f
  languageName: node
  linkType: hard

"@spectacles/types@npm:^0.2.1":
  version: 0.2.1
  resolution: "@spectacles/types@npm:0.2.1"
  checksum: be813ea9e7436d109b89be702ebeeae44e99b258deededed69690d56499cc73ed140de7466c20d677f6fc64066b2b39274938b3630c9377996f962297b9d1361
  languageName: node
  linkType: hard

"@spectacles/util@npm:^0.4.0":
  version: 0.4.0
  resolution: "@spectacles/util@npm:0.4.0"
  checksum: d038b1ccbe09d654a0842d10084314070b8e4d29389fdb2e0d4044aa5de684e933c1f501e8bb5ea97fea69b0142d12d418b69f560865e3d2c7b0fadd0dafc8aa
  languageName: node
  linkType: hard

"@types/ioredis@npm:^4.17.7":
  version: 4.17.7
  resolution: "@types/ioredis@npm:4.17.7"
  dependencies:
    "@types/node": "*"
  checksum: 3234ccf21a7e766dbc71878e723e864cf9c842d1163885720a5af5f0f5cbc8150dc4031c6dd48b672534efcb648d34fed0d36a7b2fb9eaa371feae618ec731e5
  languageName: node
  linkType: hard

"@types/node@npm:*, @types/node@npm:^14.14.6":
  version: 14.14.6
  resolution: "@types/node@npm:14.14.6"
  checksum: 9b06b04ab2ae3761136fb39b573f95d90e748ebcf232e126304d642e4910039a74973547635729b627a0401791a1f2491aa9aa6d4d6bb80922a0b869a2731a63
  languageName: node
  linkType: hard

"amqplib@npm:^0.5.5":
  version: 0.5.6
  resolution: "amqplib@npm:0.5.6"
  dependencies:
    bitsyntax: ~0.1.0
    bluebird: ^3.5.2
    buffer-more-ints: ~1.0.0
    readable-stream: 1.x >=1.1.9
    safe-buffer: ~5.1.2
    url-parse: ~1.4.3
  checksum: 01a7cb0dfd10327f27557276bbb860ab72426d013538f7551f836884f98d5c3d203181c8f6713b82e00bc487a6d4f5ea8601db2e7c04b0fc082be419356d640c
  languageName: node
  linkType: hard

"balanced-match@npm:^1.0.0":
  version: 1.0.0
  resolution: "balanced-match@npm:1.0.0"
  checksum: f515a605fe1b59f476f7477c5e1d53ad55b4f42982fca1d57b6701906f4ad1f1ac90fd6587d92cc1af2edb43eecf979214dd847ee410a6de9db4ebf0dd128d62
  languageName: node
  linkType: hard

"bitsyntax@npm:~0.1.0":
  version: 0.1.0
  resolution: "bitsyntax@npm:0.1.0"
  dependencies:
    buffer-more-ints: ~1.0.0
    debug: ~2.6.9
    safe-buffer: ~5.1.2
  checksum: 2957c0ea6f6216a2d840e289a14a32a86c635ddeb55c7f99175da826227d92bf2cead330321bfe2b196af87cd76f1dc1cfe9c5d616c298a85fa418cf59cf66dd
  languageName: node
  linkType: hard

"bluebird@npm:^3.5.2":
  version: 3.7.2
  resolution: "bluebird@npm:3.7.2"
  checksum: 4f2288662f3d4eadbb82d4daa4a7d7976a28fa3c7eb4102c9b4033b03e5be4574ba123ac52a7c103cde4cb7b2d2afc1dbe41817ca15a29ff21ecd258d0286047
  languageName: node
  linkType: hard

"bot@workspace:services/bot":
  version: 0.0.0-use.local
  resolution: "bot@workspace:services/bot"
  dependencies:
    "@spectacles/brokers": latest
    "@spectacles/proxy": ^0.1.1
    "@spectacles/types": ^0.2.1
    "@types/ioredis": ^4.17.7
    "@types/node": ^14.14.6
    env-cmd: ^10.1.0
    rimraf: ^3.0.2
    typescript: ^4.0.5
  languageName: unknown
  linkType: soft

"brace-expansion@npm:^1.1.7":
  version: 1.1.11
  resolution: "brace-expansion@npm:1.1.11"
  dependencies:
    balanced-match: ^1.0.0
    concat-map: 0.0.1
  checksum: 4c878e25e4858baf801945dfd63eb68feab2e502cf1122f25f3915c0e3bf397af3a93ff6bef0798db41c0d81ef28c08e55daac38058710f749a3b96eee6b8f40
  languageName: node
  linkType: hard

"buffer-more-ints@npm:~1.0.0":
  version: 1.0.0
  resolution: "buffer-more-ints@npm:1.0.0"
  checksum: 50c65dfc152b68b067b140f3c0aa9c62353ec0628604bd0dcacba5b5bc43fe8cae46745153c37d9ab80478223de7db2e17b20aba826c3cf2443a1e76d5ad064c
  languageName: node
  linkType: hard

"chess@workspace:.":
  version: 0.0.0-use.local
  resolution: "chess@workspace:."
  dependencies:
    typescript: ^4.0.5
  languageName: unknown
  linkType: soft

"cluster-key-slot@npm:^1.1.0":
  version: 1.1.0
  resolution: "cluster-key-slot@npm:1.1.0"
  checksum: 3b41b06942f6b0df71029dec9df6a272be2ab78353d60fcdc5a4af3b88a749d7fb2d1d3b092db0108b2bdd104086c03edcaa3b25ef432590bb954981d6cd7715
  languageName: node
  linkType: hard

"commander@npm:^4.0.0":
  version: 4.1.1
  resolution: "commander@npm:4.1.1"
  checksum: 448585071bf8fb4c0bf9dd52abaee43dea086f801334caec2c8e8c9f456f8abc224c1614ccbbdbf7da5ac2524d230f13cf1fc86c233cf8a041ebecea7df106e9
  languageName: node
  linkType: hard

"concat-map@npm:0.0.1":
  version: 0.0.1
  resolution: "concat-map@npm:0.0.1"
  checksum: 554e28d9ee5aa6e061795473ee092cb3d3a2cbdb76c35416e0bb6e03f136d7d07676da387b2ed0ec4106cedbb6534080d9abc48ecc4a92b76406cf2d0c3c0c4b
  languageName: node
  linkType: hard

"core-util-is@npm:~1.0.0":
  version: 1.0.2
  resolution: "core-util-is@npm:1.0.2"
  checksum: 089015ee3c462dfceba70faa1df83b42a7bb35db26dae6af283247b06fe3216c65fccd9f00eebcaf98300dc31e981d56aae9f90b624f8f6ff1153e235ff88b65
  languageName: node
  linkType: hard

"cross-spawn@npm:^7.0.0":
  version: 7.0.3
  resolution: "cross-spawn@npm:7.0.3"
  dependencies:
    path-key: ^3.1.0
    shebang-command: ^2.0.0
    which: ^2.0.1
  checksum: 51f10036f5f1de781be98f4738d58b50c6d44f4f471069b8ab075b21605893ba1548654880f7310a29a732d6fc7cd481da6026169b9f0831cab0148a62fb397a
  languageName: node
  linkType: hard

"debug@npm:^4.1.1":
  version: 4.3.0
  resolution: "debug@npm:4.3.0"
  dependencies:
    ms: 2.1.2
  peerDependenciesMeta:
    supports-color:
      optional: true
  checksum: 847d2760d1493cfaef53fb67d8943c6afaba30472d7527450c19919d230dde04f2275dd8dd5c2874c7103787c190d3b5d3dbc2ee7596a12d853a2ce35c4b8b1b
  languageName: node
  linkType: hard

"debug@npm:~2.6.9":
  version: 2.6.9
  resolution: "debug@npm:2.6.9"
  dependencies:
    ms: 2.0.0
  checksum: 559f44f98cf25e2ee489022aec173afbff746564cb108c4493becb95bc3c017a67bdaa25a0ff64801fd32c35051d00af0e56cc7f762ae2c3bc089496e5a1c31b
  languageName: node
  linkType: hard

"denque@npm:^1.1.0":
  version: 1.4.1
  resolution: "denque@npm:1.4.1"
  checksum: 174e81b3c9407b2149216d9e793fb91d901c19b1225dceefdafe32d5abeca243382ffee9bb111a1f60e42d2791b457d029bb57379d48404b2fb351bf700b6a8c
  languageName: node
  linkType: hard

"env-cmd@npm:^10.1.0":
  version: 10.1.0
  resolution: "env-cmd@npm:10.1.0"
  dependencies:
    commander: ^4.0.0
    cross-spawn: ^7.0.0
  bin:
    env-cmd: bin/env-cmd.js
  checksum: 181d08a72e590890c31534868988c433fc5a7e329a85d43a9c94896b2fef17c45e5cb2bbe697179be7f092415d1879c17f17e488a00068051864e1eebb6d159c
  languageName: node
  linkType: hard

"fs.realpath@npm:^1.0.0":
  version: 1.0.0
  resolution: "fs.realpath@npm:1.0.0"
  checksum: 698a91b1695e3926185c9e5b0dd57cf687dceb4eb73799af91e6b2ab741735e2962c366c5af6403ffddae2619914193bd339efa706fdc984d0ffc74b7a3603f4
  languageName: node
  linkType: hard

"glob@npm:^7.1.3":
  version: 7.1.6
  resolution: "glob@npm:7.1.6"
  dependencies:
    fs.realpath: ^1.0.0
    inflight: ^1.0.4
    inherits: 2
    minimatch: ^3.0.4
    once: ^1.3.0
    path-is-absolute: ^1.0.0
  checksum: 789977b52432865bd63846da5c75a6efc2c56abdc0cb5ffcdb8e91eeb67a58fa5594c1195d18b2b4aff99675b0739ed6bd61024b26562e0cca18c8f993efdc82
  languageName: node
  linkType: hard

"inflight@npm:^1.0.4":
  version: 1.0.6
  resolution: "inflight@npm:1.0.6"
  dependencies:
    once: ^1.3.0
    wrappy: 1
  checksum: 17c53fc42cbe7f7f471d2bc41b97a0cde4b79a74d5ff59997d3f75210566fa278e17596da526d43de2bd07e222706240ce50e60097e54f2cde2e64cbbb372638
  languageName: node
  linkType: hard

"inherits@npm:2, inherits@npm:~2.0.1":
  version: 2.0.4
  resolution: "inherits@npm:2.0.4"
  checksum: 98426da247ddfc3dcd7d7daedd90c3ca32d5b08deca08949726f12d49232aef94772a07b36cf4ff833e105ae2ef931777f6de4a6dd8245a216b9299ad4a50bea
  languageName: node
  linkType: hard

"ioredis@npm:^4.14.1":
  version: 4.19.2
  resolution: "ioredis@npm:4.19.2"
  dependencies:
    cluster-key-slot: ^1.1.0
    debug: ^4.1.1
    denque: ^1.1.0
    lodash.defaults: ^4.2.0
    lodash.flatten: ^4.4.0
    p-map: ^2.1.0
    redis-commands: 1.6.0
    redis-errors: ^1.2.0
    redis-parser: ^3.0.0
    standard-as-callback: ^2.0.1
  checksum: 4ab4be67ea60ca508f480890ee0135365cc28423163601333e2bfc1b0f1b9957786984daca284b76cd55cf1c2c4cdc81e303814c8ac353dce5b7e029d15dcb34
  languageName: node
  linkType: hard

"isarray@npm:0.0.1":
  version: 0.0.1
  resolution: "isarray@npm:0.0.1"
  checksum: daeda3c23646200b0b464b7a9030d10008d7701fc6b7a1b45cafe42b4f4d2dde20835b56f19a49e04bb218245b7f7a2bcc6d0f696cff3711e4eddaa2031c611f
  languageName: node
  linkType: hard

"isexe@npm:^2.0.0":
  version: 2.0.0
  resolution: "isexe@npm:2.0.0"
  checksum: 7b437980bb77881a146fba85cfbdf01edc2b148673e9c2722a1e49661fea73adf524430a80fdbfb8ce9f60d43224e682c657c45030482bd39e0c488fc29b4afe
  languageName: node
  linkType: hard

"lodash.defaults@npm:^4.2.0":
  version: 4.2.0
  resolution: "lodash.defaults@npm:4.2.0"
  checksum: fde72e71f7b7ece10c24e43dd601574168467d50bc76687302d40de341d5cb8e35b100105d938458747d2ad5f20d8bb736e62523ef39d1a8b40f7307c50f10ac
  languageName: node
  linkType: hard

"lodash.flatten@npm:^4.4.0":
  version: 4.4.0
  resolution: "lodash.flatten@npm:4.4.0"
  checksum: f22a7f6f163256d87345b07c76122e03d03abbf943b6c3aa5e5fafb7d5bce765013aedfc2aae7e649af0907287a2cf85de24237dbdd3ecd485a77d56e070b54c
  languageName: node
  linkType: hard

"lodash@npm:^4.17.15":
  version: 4.17.20
  resolution: "lodash@npm:4.17.20"
  checksum: c62101d2500c383b5f174a7e9e6fe8098149ddd6e9ccfa85f36d4789446195f5c4afd3cfba433026bcaf3da271256566b04a2bf2618e5a39f6e67f8c12030cb6
  languageName: node
  linkType: hard

"minimatch@npm:^3.0.4":
  version: 3.0.4
  resolution: "minimatch@npm:3.0.4"
  dependencies:
    brace-expansion: ^1.1.7
  checksum: 47eab9263962cacd5733e274ecad2d8e54b0f8e124ba35ae69189e296058f634a4967b87a98954f86fa5c830ff177caf827ce0136d28717ed3232951fb4fae62
  languageName: node
  linkType: hard

"ms@npm:2.0.0":
  version: 2.0.0
  resolution: "ms@npm:2.0.0"
  checksum: 1a230340cc7f322fbe916783d8c8d60455407c6b7fb7f901d6ee34eb272402302c5c7f070a97b8531245cbb4ca6a0a623f6a128d7e5a5440cefa2c669c0b35bb
  languageName: node
  linkType: hard

"ms@npm:2.1.2":
  version: 2.1.2
  resolution: "ms@npm:2.1.2"
  checksum: 9b65fb709bc30c0c07289dcbdb61ca032acbb9ea5698b55fa62e2cebb04c5953f1876a1f3f7f4bc2e91d4bf4d86003f3e207c3bc6ee2f716f99827e62389cd0e
  languageName: node
  linkType: hard

"once@npm:^1.3.0":
  version: 1.4.0
  resolution: "once@npm:1.4.0"
  dependencies:
    wrappy: 1
  checksum: 57afc246536cf6494437f982b26475f22bee860f8b77ce8eb1543f42a8bffe04b2c66ddfea9a16cb25ccb80943f8ee4fc639367ef97b7a6a4f2672eb573963f5
  languageName: node
  linkType: hard

"p-map@npm:^2.1.0":
  version: 2.1.0
  resolution: "p-map@npm:2.1.0"
  checksum: 8557e841ed832a489aaee7d825b7bea73e0559c452578821f5af418f430a8455727ab8dd5b4318b6b6733096029cfa571aa0e8d21bdd2c213025f02f919f7a9a
  languageName: node
  linkType: hard

"path-is-absolute@npm:^1.0.0":
  version: 1.0.1
  resolution: "path-is-absolute@npm:1.0.1"
  checksum: 907e1e3e6ac0aef6e65adffd75b3892191d76a5b94c5cf26b43667c4240531d11872ca6979c209b2e5e1609f7f579d02f64ba9936b48bb59d36cc529f0d965ed
  languageName: node
  linkType: hard

"path-key@npm:^3.1.0":
  version: 3.1.1
  resolution: "path-key@npm:3.1.1"
  checksum: e44aa3ca9faed0440994883050143b1214fffb907bf3a7bbdba15dc84f60821617c0d84e4cc74e1d84e9274003da50427f54d739b0b47636bcbaff4ec71b9b86
  languageName: node
  linkType: hard

"querystringify@npm:^2.1.1":
  version: 2.2.0
  resolution: "querystringify@npm:2.2.0"
  checksum: 6235036be3aedff7919dfc06b23f759264915c5794c6352d52a917401d40d2b9bb43b1d82e4e5be983e469aa320e06992aefc218192f6fa1d9eba4f54dc4786c
  languageName: node
  linkType: hard

"readable-stream@npm:1.x >=1.1.9":
  version: 1.1.14
  resolution: "readable-stream@npm:1.1.14"
  dependencies:
    core-util-is: ~1.0.0
    inherits: ~2.0.1
    isarray: 0.0.1
    string_decoder: ~0.10.x
  checksum: e4c30b6b8495c11fc83e1b5fcb03b378127d93c953413973a25500991d0bf2b2e158e329d0f56d294e24a61c7751b874570158f24f97ebacb8a5f2fdcc05a0ec
  languageName: node
  linkType: hard

"redis-commands@npm:1.6.0":
  version: 1.6.0
  resolution: "redis-commands@npm:1.6.0"
  checksum: 11ad01e57fab4927c7410817fcaaf71079d5b50ebb05f9b38ba5719b9461e7b78f7a3f1f8a6d352336a6af336ef4fdc9a21ff1abb5111890edb71d56634ff53f
  languageName: node
  linkType: hard

"redis-errors@npm:^1.0.0, redis-errors@npm:^1.2.0":
  version: 1.2.0
  resolution: "redis-errors@npm:1.2.0"
  checksum: b260bb64a1c8523d32a56701681ac3e5cc6bb0a4eb09f1d30729ebba397021d274216ff189909c08fe3c6b706ec8b74948e20ea410b6f69d31b35bda3fb82a59
  languageName: node
  linkType: hard

"redis-parser@npm:^3.0.0":
  version: 3.0.0
  resolution: "redis-parser@npm:3.0.0"
  dependencies:
    redis-errors: ^1.0.0
  checksum: 45dbcb05bed2c80a4aac288bbefed2347ecf3508c24d542ab42efa21fd63b5aaca4208b206f05818835a2ac43abe09250c2638c11c3b0b66a5d67e83985e350f
  languageName: node
  linkType: hard

"requires-port@npm:^1.0.0":
  version: 1.0.0
  resolution: "requires-port@npm:1.0.0"
  checksum: 0db25fb2ac9b4f2345a350846b7ba99d1f25a6686b1728246d14f05450c8f2fc066bdfae4561b4be2627c184a030a27e17268cfefdf46836e271db13734bc49e
  languageName: node
  linkType: hard

"rimraf@npm:^3.0.2":
  version: 3.0.2
  resolution: "rimraf@npm:3.0.2"
  dependencies:
    glob: ^7.1.3
  bin:
    rimraf: bin.js
  checksum: f0de3e445581e64a8a077af476cc30708e659f5779ec2ca2a161556d0792aa318a685923798ae22055b4ecd02b9aff444ef619578f7af53cf8e0e248031e3dee
  languageName: node
  linkType: hard

"safe-buffer@npm:~5.1.2":
  version: 5.1.2
  resolution: "safe-buffer@npm:5.1.2"
  checksum: 2708587c1b5e70a5e420714ceb59f30f5791c6e831d39812125a008eca63a4ac18578abd020a0776ea497ff03b4543f2b2a223a7b9073bf2d6c7af9ec6829218
  languageName: node
  linkType: hard

"shebang-command@npm:^2.0.0":
  version: 2.0.0
  resolution: "shebang-command@npm:2.0.0"
  dependencies:
    shebang-regex: ^3.0.0
  checksum: 85aa394d8cedeedf2e03524d6defef67a2b07d3a17d7ee50d4281d62d3fca898f26ebe7aa7bf674d51b80f197aa1d346bc1a10e8efb04377b534f4322c621012
  languageName: node
  linkType: hard

"shebang-regex@npm:^3.0.0":
  version: 3.0.0
  resolution: "shebang-regex@npm:3.0.0"
  checksum: ea18044ffaf18129ced5a246660a9171a7dff98999aaa9de8abb237d8a7711d8a1f76e16881399994ee429156717ce1c6a50c665bb18a4d55a7f80b9125b1f7d
  languageName: node
  linkType: hard

"standard-as-callback@npm:^2.0.1":
  version: 2.0.1
  resolution: "standard-as-callback@npm:2.0.1"
  checksum: 58a0ddb90d674f6af7e099c1fedd339276e98a218fd88f1a6134a4910c5ff8d272815cf8cc758b2d61fa3f523853c8fa6ef3cb0692912e7ff35870dedffa8ffc
  languageName: node
  linkType: hard

"string_decoder@npm:~0.10.x":
  version: 0.10.31
  resolution: "string_decoder@npm:0.10.31"
  checksum: ae53bca3796913fe686c6b519299a3631d04f0d388f35e7412914e3d351024f711d783d0415babfec276f5f533e84fae687e77220829d872fadb5bb9f7190890
  languageName: node
  linkType: hard

typescript@^4.0.5:
  version: 4.0.5
  resolution: "typescript@npm:4.0.5"
  bin:
    tsc: bin/tsc
    tsserver: bin/tsserver
  checksum: ce94d4bbb914cc9d6fbd42e1476ab18c3292b262b8ba7ba76cd167a858545207a604e75bf1efbb75b8654c8f85deaa19795c3ef00098d7612855139b4ecc0240
  languageName: node
  linkType: hard

"typescript@patch:typescript@^4.0.5#builtin<compat/typescript>":
  version: 4.0.5
  resolution: "typescript@patch:typescript@npm%3A4.0.5#builtin<compat/typescript>::version=4.0.5&hash=5bf698"
  bin:
    tsc: bin/tsc
    tsserver: bin/tsserver
  checksum: d4be0bd2a2050b2d7b132cb2a40329178f181543e9d2ac6d1f06babd9f047208558a736a7effdeb28759ae2e815f070b61d10ee2f02cc93a6221a1490f21ffce
  languageName: node
  linkType: hard

"ulid@npm:^2.3.0":
  version: 2.3.0
  resolution: "ulid@npm:2.3.0"
  bin:
    ulid: ./bin/cli.js
  checksum: 7bdf2b7c57e002bf25b64cd3b58c75c91b41830daf08083bbb3b44bf45514d4281dfbc1220ab1c0119cf20d52abd15c1e9e874b3ee3e9474a8537c7826b8be14
  languageName: node
  linkType: hard

"url-parse@npm:~1.4.3":
  version: 1.4.7
  resolution: "url-parse@npm:1.4.7"
  dependencies:
    querystringify: ^2.1.1
    requires-port: ^1.0.0
  checksum: 33c44a24b9a9e9da7f2591652dc944b6164b93ad1d3ee4eea889b396788f716bd2d6c9d0a2b3ee2e8f863bde69bacbc12c3a4b4e666506ee4c88ea7444004f95
  languageName: node
  linkType: hard

"which@npm:^2.0.1":
  version: 2.0.2
  resolution: "which@npm:2.0.2"
  dependencies:
    isexe: ^2.0.0
  bin:
    node-which: ./bin/node-which
  checksum: ea9b1db1266b08f7880717cf70dd9012dd523e5a317f10fbe4d5e8c1a761c5fd237f88642f2ba33b23f973ff4002c9b26648d63084ab208d8ecef36497315f6e
  languageName: node
  linkType: hard

"wrappy@npm:1":
  version: 1.0.2
  resolution: "wrappy@npm:1.0.2"
  checksum: 519fcda0fcdf0c16327be2de9d98646742307bc830277e8868529fcf7566f2b330a6453c233e0cdcb767d5838dd61a90984a02ecc983bcddebea5ad0833bbf98
  languageName: node
  linkType: hard
